// !$*UTF8*$!
{
	archiveVersion = 1;
	classes = {
	};
	objectVersion = 48;
	objects = {

/* Begin PBXBuildFile section */
		AC93DD98208A9FA600489668 /* AppDelegate.swift in Sources */ = {isa = PBXBuildFile; fileRef = AC93DD97208A9FA600489668 /* AppDelegate.swift */; };
		AC93DD9A208A9FA600489668 /* ViewController.swift in Sources */ = {isa = PBXBuildFile; fileRef = AC93DD99208A9FA600489668 /* ViewController.swift */; };
		AC93DD9D208A9FA600489668 /* Main.storyboard in Resources */ = {isa = PBXBuildFile; fileRef = AC93DD9B208A9FA600489668 /* Main.storyboard */; };
		AC93DD9F208A9FA600489668 /* Assets.xcassets in Resources */ = {isa = PBXBuildFile; fileRef = AC93DD9E208A9FA600489668 /* Assets.xcassets */; };
		AC93DDA2208A9FA600489668 /* LaunchScreen.storyboard in Resources */ = {isa = PBXBuildFile; fileRef = AC93DDA0208A9FA600489668 /* LaunchScreen.storyboard */; };
		AC93DDAA208A9FF600489668 /* GreenViewController.swift in Sources */ = {isa = PBXBuildFile; fileRef = AC93DDA9208A9FF600489668 /* GreenViewController.swift */; };
		AC93DDAC208AA63F00489668 /* BlueViewController.swift in Sources */ = {isa = PBXBuildFile; fileRef = AC93DDAB208AA63F00489668 /* BlueViewController.swift */; };
		AC93DDAE208AA93B00489668 /* BlackViewController.swift in Sources */ = {isa = PBXBuildFile; fileRef = AC93DDAD208AA93B00489668 /* BlackViewController.swift */; };
/* End PBXBuildFile section */

/* Begin PBXFileReference section */
		AC93DD94208A9FA600489668 /* Navegacao.app */ = {isa = PBXFileReference; explicitFileType = wrapper.application; includeInIndex = 0; path = Navegacao.app; sourceTree = BUILT_PRODUCTS_DIR; };
		AC93DD97208A9FA600489668 /* AppDelegate.swift */ = {isa = PBXFileReference; lastKnownFileType = sourcecode.swift; path = AppDelegate.swift; sourceTree = "<group>"; };
		AC93DD99208A9FA600489668 /* ViewController.swift */ = {isa = PBXFileReference; lastKnownFileType = sourcecode.swift; path = ViewController.swift; sourceTree = "<group>"; };
		AC93DD9C208A9FA600489668 /* Base */ = {isa = PBXFileReference; lastKnownFileType = file.storyboard; name = Base; path = Base.lproj/Main.storyboard; sourceTree = "<group>"; };
		AC93DD9E208A9FA600489668 /* Assets.xcassets */ = {isa = PBXFileReference; lastKnownFileType = folder.assetcatalog; path = Assets.xcassets; sourceTree = "<group>"; };
		AC93DDA1208A9FA600489668 /* Base */ = {isa = PBXFileReference; lastKnownFileType = file.storyboard; name = Base; path = Base.lproj/LaunchScreen.storyboard; sourceTree = "<group>"; };
		AC93DDA3208A9FA600489668 /* Info.plist */ = {isa = PBXFileReference; lastKnownFileType = text.plist.xml; path = Info.plist; sourceTree = "<group>"; };
		AC93DDA9208A9FF600489668 /* GreenViewController.swift */ = {isa = PBXFileReference; lastKnownFileType = sourcecode.swift; path = GreenViewController.swift; sourceTree = "<group>"; };
		AC93DDAB208AA63F00489668 /* BlueViewController.swift */ = {isa = PBXFileReference; lastKnownFileType = sourcecode.swift; path = BlueViewController.swift; sourceTree = "<group>"; };
		AC93DDAD208AA93B00489668 /* BlackViewController.swift */ = {isa = PBXFileReference; lastKnownFileType = sourcecode.swift; path = BlackViewController.swift; sourceTree = "<group>"; };
/* End PBXFileReference section */

/* Begin PBXFrameworksBuildPhase section */
		AC93DD91208A9FA600489668 /* Frameworks */ = {
			isa = PBXFrameworksBuildPhase;
			buildActionMask = 2147483647;
			files = (
			);
			runOnlyForDeploymentPostprocessing = 0;
		};
/* End PBXFrameworksBuildPhase section */

/* Begin PBXGroup section */
		AC93DD8B208A9FA600489668 = {
			isa = PBXGroup;
			children = (
				AC93DD96208A9FA600489668 /* Navegacao */,
				AC93DD95208A9FA600489668 /* Products */,
			);
			sourceTree = "<group>";
		};
		AC93DD95208A9FA600489668 /* Products */ = {
			isa = PBXGroup;
			children = (
				AC93DD94208A9FA600489668 /* Navegacao.app */,
			);
			name = Products;
			sourceTree = "<group>";
		};
		AC93DD96208A9FA600489668 /* Navegacao */ = {
			isa = PBXGroup;
			children = (
				AC93DD97208A9FA600489668 /* AppDelegate.swift */,
				AC93DD99208A9FA600489668 /* ViewController.swift */,
				AC93DD9B208A9FA600489668 /* Main.storyboard */,
				AC93DDAD208AA93B00489668 /* BlackViewController.swift */,
				AC93DDAB208AA63F00489668 /* BlueViewController.swift */,
				AC93DDA9208A9FF600489668 /* GreenViewController.swift */,
				AC93DD9E208A9FA600489668 /* Assets.xcassets */,
				AC93DDA0208A9FA600489668 /* LaunchScreen.storyboard */,
				AC93DDA3208A9FA600489668 /* Info.plist */,
			);
			path = Navegacao;
			sourceTree = "<group>";
		};
/* End PBXGroup section */

/* Begin PBXNativeTarget section */
		AC93DD93208A9FA600489668 /* Navegacao */ = {
			isa = PBXNativeTarget;
			buildConfigurationList = AC93DDA6208A9FA600489668 /* Build configuration list for PBXNativeTarget "Navegacao" */;
			buildPhases = (
				AC93DD90208A9FA600489668 /* Sources */,
				AC93DD91208A9FA600489668 /* Frameworks */,
				AC93DD92208A9FA600489668 /* Resources */,
			);
			buildRules = (
			);
			dependencies = (
			);
			name = Navegacao;
			productName = Navegacao;
			productReference = AC93DD94208A9FA600489668 /* Navegacao.app */;
			productType = "com.apple.product-type.application";
		};
/* End PBXNativeTarget section */

/* Begin PBXProject section */
		AC93DD8C208A9FA600489668 /* Project object */ = {
			isa = PBXProject;
			attributes = {
				LastSwiftUpdateCheck = 0920;
				LastUpgradeCheck = 0920;
				ORGANIZATIONNAME = Fiap;
				TargetAttributes = {
					AC93DD93208A9FA600489668 = {
						CreatedOnToolsVersion = 9.2;
						ProvisioningStyle = Automatic;
					};
				};
			};
			buildConfigurationList = AC93DD8F208A9FA600489668 /* Build configuration list for PBXProject "Navegacao" */;
			compatibilityVersion = "Xcode 8.0";
			developmentRegion = en;
			hasScannedForEncodings = 0;
			knownRegions = (
				en,
				Base,
			);
			mainGroup = AC93DD8B208A9FA600489668;
			productRefGroup = AC93DD95208A9FA600489668 /* Products */;
			projectDirPath = "";
			projectRoot = "";
			targets = (
				AC93DD93208A9FA600489668 /* Navegacao */,
			);
		};
/* End PBXProject section */

/* Begin PBXResourcesBuildPhase section */
		AC93DD92208A9FA600489668 /* Resources */ = {
			isa = PBXResourcesBuildPhase;
			buildActionMask = 2147483647;
			files = (
				AC93DDA2208A9FA600489668 /* LaunchScreen.storyboard in Resources */,
				AC93DD9F208A9FA600489668 /* Assets.xcassets in Resources */,
				AC93DD9D208A9FA600489668 /* Main.storyboard in Resources */,
			);
			runOnlyForDeploymentPostprocessing = 0;
		};
/* End PBXResourcesBuildPhase section */

/* Begin PBXSourcesBuildPhase section */
		AC93DD90208A9FA600489668 /* Sources */ = {
			isa = PBXSourcesBuildPhase;
			buildActionMask = 2147483647;
			files = (
				AC93DDAA208A9FF600489668 /* GreenViewController.swift in Sources */,
				AC93DD9A208A9FA600489668 /* ViewController.swift in Sources */,
				AC93DDAC208AA63F00489668 /* BlueViewController.swift in Sources */,
				AC93DDAE208AA93B00489668 /* BlackViewController.swift in Sources */,
				AC93DD98208A9FA600489668 /* AppDelegate.swift in Sources */,
			);
			runOnlyForDeploymentPostprocessing = 0;
		};
/* End PBXSourcesBuildPhase section */

/* Begin PBXVariantGroup section */
		AC93DD9B208A9FA600489668 /* Main.storyboard */ = {
			isa = PBXVariantGroup;
			children = (
				AC93DD9C208A9FA600489668 /* Base */,
			);
			name = Main.storyboard;
			sourceTree = "<group>";
		};
		AC93DDA0208A9FA600489668 /* LaunchScreen.storyboard */ = {
			isa = PBXVariantGroup;
			children = (
				AC93DDA1208A9FA600489668 /* Base */,
			);
			name = LaunchScreen.storyboard;
			sourceTree = "<group>";
		};
/* End PBXVariantGroup section */

/* Begin XCBuildConfiguration section */
		AC93DDA4208A9FA600489668 /* Debug */ = {
			isa = XCBuildConfiguration;
			buildSettings = {
				ALWAYS_SEARCH_USER_PATHS = NO;
				CLANG_ANALYZER_NONNULL = YES;
				CLANG_ANALYZER_NUMBER_OBJECT_CONVERSION = YES_AGGRESSIVE;
				CLANG_CXX_LANGUAGE_STANDARD = "gnu++14";
				CLANG_CXX_LIBRARY = "libc++";
				CLANG_ENABLE_MODULES = YES;
				CLANG_ENABLE_OBJC_ARC = YES;
				CLANG_WARN_BLOCK_CAPTURE_AUTORELEASING = YES;
				CLANG_WARN_BOOL_CONVERSION = YES;
				CLANG_WARN_COMMA = YES;
				CLANG_WARN_CONSTANT_CONVERSION = YES;
				CLANG_WARN_DIRECT_OBJC_ISA_USAGE = YES_ERROR;
				CLANG_WARN_DOCUMENTATION_COMMENTS = YES;
				CLANG_WARN_EMPTY_BODY = YES;
				CLANG_WARN_ENUM_CONVERSION = YES;
				CLANG_WARN_INFINITE_RECURSION = YES;
				CLANG_WARN_INT_CONVERSION = YES;
				CLANG_WARN_NON_LITERAL_NULL_CONVERSION = YES;
				CLANG_WARN_OBJC_LITERAL_CONVERSION = YES;
				CLANG_WARN_OBJC_ROOT_CLASS = YES_ERROR;
				CLANG_WARN_RANGE_LOOP_ANALYSIS = YES;
				CLANG_WARN_STRICT_PROTOTYPES = YES;
				CLANG_WARN_SUSPICIOUS_MOVE = YES;
				CLANG_WARN_UNGUARDED_AVAILABILITY = YES_AGGRESSIVE;
				CLANG_WARN_UNREACHABLE_CODE = YES;
				CLANG_WARN__DUPLICATE_METHOD_MATCH = YES;
				CODE_SIGN_IDENTITY = "iPhone Developer";
				COPY_PHASE_STRIP = NO;
				DEBUG_INFORMATION_FORMAT = dwarf;
				ENABLE_STRICT_OBJC_MSGSEND = YES;
				ENABLE_TESTABILITY = YES;
				GCC_C_LANGUAGE_STANDARD = gnu11;
				GCC_DYNAMIC_NO_PIC = NO;
				GCC_NO_COMMON_BLOCKS = YES;
				GCC_OPTIMIZATION_LEVEL = 0;
				GCC_PREPROCESSOR_DEFINITIONS = (
					"DEBUG=1",
					"$(inherited)",
				);
				GCC_WARN_64_TO_32_BIT_CONVERSION = YES;
				GCC_WARN_ABOUT_RETURN_TYPE = YES_ERROR;
				GCC_WARN_UNDECLARED_SELECTOR = YES;
				GCC_WARN_UNINITIALIZED_AUTOS = YES_AGGRESSIVE;
				GCC_WARN_UNUSED_FUNCTION = YES;
				GCC_WARN_UNUSED_VARIABLE = YES;
				IPHONEOS_DEPLOYMENT_TARGET = 11.2;
				MTL_ENABLE_DEBUG_INFO = YES;
				ONLY_ACTIVE_ARCH = YES;
				SDKROOT = iphoneos;
				SWIFT_ACTIVE_COMPILATION_CONDITIONS = DEBUG;
				SWIFT_OPTIMIZATION_LEVEL = "-Onone";
			};
			name = Debug;
		};
		AC93DDA5208A9FA600489668 /* Release */ = {
			isa = XCBuildConfiguration;
			buildSettings = {
				ALWAYS_SEARCH_USER_PATHS = NO;
				CLANG_ANALYZER_NONNULL = YES;
				CLANG_ANALYZER_NUMBER_OBJECT_CONVERSION = YES_AGGRESSIVE;
				CLANG_CXX_LANGUAGE_STANDARD = "gnu++14";
				CLANG_CXX_LIBRARY = "libc++";
				CLANG_ENABLE_MODULES = YES;
				CLANG_ENABLE_OBJC_ARC = YES;
				CLANG_WARN_BLOCK_CAPTURE_AUTORELEASING = YES;
				CLANG_WARN_BOOL_CONVERSION = YES;
				CLANG_WARN_COMMA = YES;
				CLANG_WARN_CONSTANT_CONVERSION = YES;
				CLANG_WARN_DIRECT_OBJC_ISA_USAGE = YES_ERROR;
				CLANG_WARN_DOCUMENTATION_COMMENTS = YES;
				CLANG_WARN_EMPTY_BODY = YES;
				CLANG_WARN_ENUM_CONVERSION = YES;
				CLANG_WARN_INFINITE_RECURSION = YES;
				CLANG_WARN_INT_CONVERSION = YES;
				CLANG_WARN_NON_LITERAL_NULL_CONVERSION = YES;
				CLANG_WARN_OBJC_LITERAL_CONVERSION = YES;
				CLANG_WARN_OBJC_ROOT_CLASS = YES_ERROR;
				CLANG_WARN_RANGE_LOOP_ANALYSIS = YES;
				CLANG_WARN_STRICT_PROTOTYPES = YES;
				CLANG_WARN_SUSPICIOUS_MOVE = YES;
				CLANG_WARN_UNGUARDED_AVAILABILITY = YES_AGGRESSIVE;
				CLANG_WARN_UNREACHABLE_CODE = YES;
				CLANG_WARN__DUPLICATE_METHOD_MATCH = YES;
				CODE_SIGN_IDENTITY = "iPhone Developer";
				COPY_PHASE_STRIP = NO;
				DEBUG_INFORMATION_FORMAT = "dwarf-with-dsym";
				ENABLE_NS_ASSERTIONS = NO;
				ENABLE_STRICT_OBJC_MSGSEND = YES;
				GCC_C_LANGUAGE_STANDARD = gnu11;
				GCC_NO_COMMON_BLOCKS = YES;
				GCC_WARN_64_TO_32_BIT_CONVERSION = YES;
				GCC_WARN_ABOUT_RETURN_TYPE = YES_ERROR;
				GCC_WARN_UNDECLARED_SELECTOR = YES;
				GCC_WARN_UNINITIALIZED_AUTOS = YES_AGGRESSIVE;
				GCC_WARN_UNUSED_FUNCTION = YES;
				GCC_WARN_UNUSED_VARIABLE = YES;
				IPHONEOS_DEPLOYMENT_TARGET = 11.2;
				MTL_ENABLE_DEBUG_INFO = NO;
				SDKROOT = iphoneos;
				SWIFT_OPTIMIZATION_LEVEL = "-Owholemodule";
				VALIDATE_PRODUCT = YES;
			};
			name = Release;
		};
		AC93DDA7208A9FA600489668 /* Debug */ = {
			isa = XCBuildConfiguration;
			buildSettings = {
				ASSETCATALOG_COMPILER_APPICON_NAME = AppIcon;
				CODE_SIGN_STYLE = Automatic;
				INFOPLIST_FILE = Navegacao/Info.plist;
				LD_RUNPATH_SEARCH_PATHS = "$(inherited) @executable_path/Frameworks";
				PRODUCT_BUNDLE_IDENTIFIER = br.com.fiap.Navegacao;
				PRODUCT_NAME = "$(TARGET_NAME)";
				SWIFT_VERSION = 4.0;
				TARGETED_DEVICE_FAMILY = "1,2";
			};
			name = Debug;
		};
		AC93DDA8208A9FA600489668 /* Release */ = {
			isa = XCBuildConfiguration;
			buildSettings = {
				ASSETCATALOG_COMPILER_APPICON_NAME = AppIcon;
				CODE_SIGN_STYLE = Automatic;
				INFOPLIST_FILE = Navegacao/Info.plist;
				LD_RUNPATH_SEARCH_PATHS = "$(inherited) @executable_path/Frameworks";
				PRODUCT_BUNDLE_IDENTIFIER = br.com.fiap.Navegacao;
				PRODUCT_NAME = "$(TARGET_NAME)";
				SWIFT_VERSION = 4.0;
				TARGETED_DEVICE_FAMILY = "1,2";
			};
			name = Release;
		};
/* End XCBuildConfiguration section */

/* Begin XCConfigurationList section */
		AC93DD8F208A9FA600489668 /* Build configuration list for PBXProject "Navegacao" */ = {
			isa = XCConfigurationList;
			buildConfigurations = (
				AC93DDA4208A9FA600489668 /* Debug */,
				AC93DDA5208A9FA600489668 /* Release */,
			);
			defaultConfigurationIsVisible = 0;
			defaultConfigurationName = Release;
		};
		AC93DDA6208A9FA600489668 /* Build configuration list for PBXNativeTarget "Navegacao" */ = {
			isa = XCConfigurationList;
			buildConfigurations = (
				AC93DDA7208A9FA600489668 /* Debug */,
				AC93DDA8208A9FA600489668 /* Release */,
			);
			defaultConfigurationIsVisible = 0;
			defaultConfigurationName = Release;
		};
/* End XCConfigurationList section */
	};
	rootObject = AC93DD8C208A9FA600489668 /* Project object */;
}
